
Microsoft Visual Studio Solution File, Format Version 12.00
# Visual Studio Version 16
VisualStudioVersion = 16.0.31515.178
MinimumVisualStudioVersion = 10.0.40219.1
Project("{FAE04EC0-301F-11D3-BF4B-00C04F79EFBC}") = "variables_lesson3", "variables_lesson3\variables_lesson3.csproj", "{A7FFD346-E100-4A66-86B4-9C43094287DC}"
EndProject
Global
	GlobalSection(SolutionConfigurationPlatforms) = preSolution
		Debug|Any CPU = Debug|Any CPU
		Release|Any CPU = Release|Any CPU
	EndGlobalSection
	GlobalSection(ProjectConfigurationPlatforms) = postSolution
		{A7FFD346-E100-4A66-86B4-9C43094287DC}.Debug|Any CPU.ActiveCfg = Debug|Any CPU
		{A7FFD346-E100-4A66-86B4-9C43094287DC}.Debug|Any CPU.Build.0 = Debug|Any CPU
		{A7FFD346-E100-4A66-86B4-9C43094287DC}.Release|Any CPU.ActiveCfg = Release|Any CPU
		{A7FFD346-E100-4A66-86B4-9C43094287DC}.Release|Any CPU.Build.0 = Release|Any CPU
	EndGlobalSection
	GlobalSection(SolutionProperties) = preSolution
		HideSolutionNode = FALSE
	EndGlobalSection
	GlobalSection(ExtensibilityGlobals) = postSolution
		SolutionGuid = {AEDAF00D-D523-49A3-903D-FCCD5A1AC1E3}
	EndGlobalSection
EndGlobal
