
Microsoft Visual Studio Solution File, Format Version 12.00
# Visual Studio Version 16
VisualStudioVersion = 16.0.31515.178
MinimumVisualStudioVersion = 10.0.40219.1
Project("{FAE04EC0-301F-11D3-BF4B-00C04F79EFBC}") = "variables_lesson4", "variables_lesson4\variables_lesson4.csproj", "{01FE8535-267E-4905-8A0F-EECF5209CA32}"
EndProject
Global
	GlobalSection(SolutionConfigurationPlatforms) = preSolution
		Debug|Any CPU = Debug|Any CPU
		Release|Any CPU = Release|Any CPU
	EndGlobalSection
	GlobalSection(ProjectConfigurationPlatforms) = postSolution
		{01FE8535-267E-4905-8A0F-EECF5209CA32}.Debug|Any CPU.ActiveCfg = Debug|Any CPU
		{01FE8535-267E-4905-8A0F-EECF5209CA32}.Debug|Any CPU.Build.0 = Debug|Any CPU
		{01FE8535-267E-4905-8A0F-EECF5209CA32}.Release|Any CPU.ActiveCfg = Release|Any CPU
		{01FE8535-267E-4905-8A0F-EECF5209CA32}.Release|Any CPU.Build.0 = Release|Any CPU
	EndGlobalSection
	GlobalSection(SolutionProperties) = preSolution
		HideSolutionNode = FALSE
	EndGlobalSection
	GlobalSection(ExtensibilityGlobals) = postSolution
		SolutionGuid = {882AEA4A-7B59-41F2-8509-44AD4E9E2BA7}
	EndGlobalSection
EndGlobal
