
Microsoft Visual Studio Solution File, Format Version 12.00
# Visual Studio Version 16
VisualStudioVersion = 16.0.31515.178
MinimumVisualStudioVersion = 10.0.40219.1
Project("{FAE04EC0-301F-11D3-BF4B-00C04F79EFBC}") = "ForEachLoopsChallenge", "ForEachLoopsChallenge\ForEachLoopsChallenge.csproj", "{AA495A39-ABA7-4BB0-9EA7-CBFB7220A468}"
EndProject
Global
	GlobalSection(SolutionConfigurationPlatforms) = preSolution
		Debug|Any CPU = Debug|Any CPU
		Release|Any CPU = Release|Any CPU
	EndGlobalSection
	GlobalSection(ProjectConfigurationPlatforms) = postSolution
		{AA495A39-ABA7-4BB0-9EA7-CBFB7220A468}.Debug|Any CPU.ActiveCfg = Debug|Any CPU
		{AA495A39-ABA7-4BB0-9EA7-CBFB7220A468}.Debug|Any CPU.Build.0 = Debug|Any CPU
		{AA495A39-ABA7-4BB0-9EA7-CBFB7220A468}.Release|Any CPU.ActiveCfg = Release|Any CPU
		{AA495A39-ABA7-4BB0-9EA7-CBFB7220A468}.Release|Any CPU.Build.0 = Release|Any CPU
	EndGlobalSection
	GlobalSection(SolutionProperties) = preSolution
		HideSolutionNode = FALSE
	EndGlobalSection
	GlobalSection(ExtensibilityGlobals) = postSolution
		SolutionGuid = {8EC5FA65-F5C9-49CA-B154-8C499F380520}
	EndGlobalSection
EndGlobal
