
Microsoft Visual Studio Solution File, Format Version 12.00
# Visual Studio Version 16
VisualStudioVersion = 16.0.31515.178
MinimumVisualStudioVersion = 10.0.40219.1
Project("{FAE04EC0-301F-11D3-BF4B-00C04F79EFBC}") = "methods_challenge", "methods_challenge\methods_challenge.csproj", "{0860CC7D-509A-4234-858C-7386875B9EC8}"
EndProject
Global
	GlobalSection(SolutionConfigurationPlatforms) = preSolution
		Debug|Any CPU = Debug|Any CPU
		Release|Any CPU = Release|Any CPU
	EndGlobalSection
	GlobalSection(ProjectConfigurationPlatforms) = postSolution
		{0860CC7D-509A-4234-858C-7386875B9EC8}.Debug|Any CPU.ActiveCfg = Debug|Any CPU
		{0860CC7D-509A-4234-858C-7386875B9EC8}.Debug|Any CPU.Build.0 = Debug|Any CPU
		{0860CC7D-509A-4234-858C-7386875B9EC8}.Release|Any CPU.ActiveCfg = Release|Any CPU
		{0860CC7D-509A-4234-858C-7386875B9EC8}.Release|Any CPU.Build.0 = Release|Any CPU
	EndGlobalSection
	GlobalSection(SolutionProperties) = preSolution
		HideSolutionNode = FALSE
	EndGlobalSection
	GlobalSection(ExtensibilityGlobals) = postSolution
		SolutionGuid = {BACE34BB-02C3-4088-A892-084D1F1BE0BB}
	EndGlobalSection
EndGlobal
